
Microsoft Visual Studio Solution File, Format Version 10.00
# Visual C++ Express 2008
Project("{8BC9CEB8-8B4A-11D0-8D11-00A0C91BC942}") = "libpika", "libpika\libpika.vcproj", "{03A2572A-6736-4026-8C91-2558CAE7C257}"
EndProject
Project("{8BC9CEB8-8B4A-11D0-8D11-00A0C91BC942}") = "pika", "pika\pika.vcproj", "{FE9748AE-D562-47E9-9D98-3A52272536E7}"
	ProjectSection(ProjectDependencies) = postProject
		{03A2572A-6736-4026-8C91-2558CAE7C257} = {03A2572A-6736-4026-8C91-2558CAE7C257}
	EndProjectSection
EndProject
Global
	GlobalSection(SolutionConfigurationPlatforms) = preSolution
		Debug|Win32 = Debug|Win32
		Release|Win32 = Release|Win32
	EndGlobalSection
	GlobalSection(ProjectConfigurationPlatforms) = postSolution
		{03A2572A-6736-4026-8C91-2558CAE7C257}.Debug|Win32.ActiveCfg = Debug|Win32
		{03A2572A-6736-4026-8C91-2558CAE7C257}.Debug|Win32.Build.0 = Debug|Win32
		{03A2572A-6736-4026-8C91-2558CAE7C257}.Release|Win32.ActiveCfg = Release|Win32
		{03A2572A-6736-4026-8C91-2558CAE7C257}.Release|Win32.Build.0 = Release|Win32
		{FE9748AE-D562-47E9-9D98-3A52272536E7}.Debug|Win32.ActiveCfg = Debug|Win32
		{FE9748AE-D562-47E9-9D98-3A52272536E7}.Debug|Win32.Build.0 = Debug|Win32
		{FE9748AE-D562-47E9-9D98-3A52272536E7}.Release|Win32.ActiveCfg = Release|Win32
		{FE9748AE-D562-47E9-9D98-3A52272536E7}.Release|Win32.Build.0 = Release|Win32
	EndGlobalSection
	GlobalSection(SolutionProperties) = preSolution
		HideSolutionNode = FALSE
	EndGlobalSection
EndGlobal
